
Microsoft Visual Studio Solution File, Format Version 12.00
# Visual Studio Version 17
VisualStudioVersion = 17.5.002.0
MinimumVisualStudioVersion = 10.0.40219.1
Project("{FAE04EC0-301F-11D3-BF4B-00C04F79EFBC}") = "FotoCreaDB.Core", "FotoCreaDB.Core\FotoCreaDB.Core.csproj", "{33A1F55C-905F-4B22-885B-D5F7EF11F129}"
EndProject
Project("{FAE04EC0-301F-11D3-BF4B-00C04F79EFBC}") = "FotoCreaDB.Console", "FotoCreaDB.Console\FotoCreaDB.Console.csproj", "{802F1C78-A1EF-483A-9A0F-EE651E1E3DC6}"
EndProject
Project("{FAE04EC0-301F-11D3-BF4B-00C04F79EFBC}") = "FotoCreaDB.Wpf", "FotoCreaDB.Wpf\FotoCreaDB.Wpf.csproj", "{8CFDB805-C5D4-40D4-A313-BE7E41E3C860}"
EndProject
Project("{FAE04EC0-301F-11D3-BF4B-00C04F79EFBC}") = "FotoCreaDB.Tests.Unit", "FotoCreaDB.Tests.Unit\FotoCreaDB.Tests.Unit.csproj", "{4C072EDB-C020-46FB-8E64-24AD06776018}"
EndProject
Project("{FAE04EC0-301F-11D3-BF4B-00C04F79EFBC}") = "FotoCreaDB.Tests.Integration", "FotoCreaDB.Tests.Integration\FotoCreaDB.Tests.Integration.csproj", "{41F7742F-2AA1-4DF0-A317-D490941EE3E6}"
EndProject
Global
	GlobalSection(SolutionConfigurationPlatforms) = preSolution
		Debug|Any CPU = Debug|Any CPU
		Release|Any CPU = Release|Any CPU
	EndGlobalSection
	GlobalSection(ProjectConfigurationPlatforms) = postSolution
		{33A1F55C-905F-4B22-885B-D5F7EF11F129}.Debug|Any CPU.ActiveCfg = Debug|Any CPU
		{33A1F55C-905F-4B22-885B-D5F7EF11F129}.Debug|Any CPU.Build.0 = Debug|Any CPU
		{33A1F55C-905F-4B22-885B-D5F7EF11F129}.Release|Any CPU.ActiveCfg = Release|Any CPU
		{33A1F55C-905F-4B22-885B-D5F7EF11F129}.Release|Any CPU.Build.0 = Release|Any CPU
		{802F1C78-A1EF-483A-9A0F-EE651E1E3DC6}.Debug|Any CPU.ActiveCfg = Debug|Any CPU
		{802F1C78-A1EF-483A-9A0F-EE651E1E3DC6}.Debug|Any CPU.Build.0 = Debug|Any CPU
		{802F1C78-A1EF-483A-9A0F-EE651E1E3DC6}.Release|Any CPU.ActiveCfg = Release|Any CPU
		{802F1C78-A1EF-483A-9A0F-EE651E1E3DC6}.Release|Any CPU.Build.0 = Release|Any CPU
		{8CFDB805-C5D4-40D4-A313-BE7E41E3C860}.Debug|Any CPU.ActiveCfg = Debug|Any CPU
		{8CFDB805-C5D4-40D4-A313-BE7E41E3C860}.Debug|Any CPU.Build.0 = Debug|Any CPU
		{8CFDB805-C5D4-40D4-A313-BE7E41E3C860}.Release|Any CPU.ActiveCfg = Release|Any CPU
		{8CFDB805-C5D4-40D4-A313-BE7E41E3C860}.Release|Any CPU.Build.0 = Release|Any CPU
		{4C072EDB-C020-46FB-8E64-24AD06776018}.Debug|Any CPU.ActiveCfg = Debug|Any CPU
		{4C072EDB-C020-46FB-8E64-24AD06776018}.Debug|Any CPU.Build.0 = Debug|Any CPU
		{4C072EDB-C020-46FB-8E64-24AD06776018}.Release|Any CPU.ActiveCfg = Release|Any CPU
		{4C072EDB-C020-46FB-8E64-24AD06776018}.Release|Any CPU.Build.0 = Release|Any CPU
		{41F7742F-2AA1-4DF0-A317-D490941EE3E6}.Debug|Any CPU.ActiveCfg = Debug|Any CPU
		{41F7742F-2AA1-4DF0-A317-D490941EE3E6}.Debug|Any CPU.Build.0 = Debug|Any CPU
		{41F7742F-2AA1-4DF0-A317-D490941EE3E6}.Release|Any CPU.ActiveCfg = Release|Any CPU
		{41F7742F-2AA1-4DF0-A317-D490941EE3E6}.Release|Any CPU.Build.0 = Release|Any CPU
	EndGlobalSection
	GlobalSection(SolutionProperties) = preSolution
		HideSolutionNode = FALSE
	EndGlobalSection
	GlobalSection(ExtensibilityGlobals) = postSolution
		SolutionGuid = {E616E562-DD2D-47F4-A512-0BA54E0937B4}
	EndGlobalSection
EndGlobal
